// !$*UTF8*$!
{
	archiveVersion = 1;
	classes = {
	};
	objectVersion = 46;
	objects = {

/* Begin PBXBuildFile section */
		1078ED7C1BAC4810002CF2AA /* main.m in Sources */ = {isa = PBXBuildFile; fileRef = 1078ED7B1BAC4810002CF2AA /* main.m */; };
		1078ED7F1BAC4810002CF2AA /* AppDelegate.m in Sources */ = {isa = PBXBuildFile; fileRef = 1078ED7E1BAC4810002CF2AA /* AppDelegate.m */; };
		1078ED821BAC4810002CF2AA /* ViewController.m in Sources */ = {isa = PBXBuildFile; fileRef = 1078ED811BAC4810002CF2AA /* ViewController.m */; };
		1078ED851BAC4810002CF2AA /* Main.storyboard in Resources */ = {isa = PBXBuildFile; fileRef = 1078ED831BAC4810002CF2AA /* Main.storyboard */; };
		1078ED871BAC4811002CF2AA /* Assets.xcassets in Resources */ = {isa = PBXBuildFile; fileRef = 1078ED861BAC4811002CF2AA /* Assets.xcassets */; };
		1078ED8A1BAC4811002CF2AA /* LaunchScreen.storyboard in Resources */ = {isa = PBXBuildFile; fileRef = 1078ED881BAC4811002CF2AA /* LaunchScreen.storyboard */; };
		1078ED951BAC4811002CF2AA /* TableViewTapAnimationTests.m in Sources */ = {isa = PBXBuildFile; fileRef = 1078ED941BAC4811002CF2AA /* TableViewTapAnimationTests.m */; };
		1078EDA01BAC4811002CF2AA /* TableViewTapAnimationUITests.m in Sources */ = {isa = PBXBuildFile; fileRef = 1078ED9F1BAC4811002CF2AA /* TableViewTapAnimationUITests.m */; };
		1078EDAF1BAC54B6002CF2AA /* InfoCell.m in Sources */ = {isa = PBXBuildFile; fileRef = 1078EDAE1BAC54B6002CF2AA /* InfoCell.m */; settings = {ASSET_TAGS = (); }; };
		1078EDB21BAC54F5002CF2AA /* Model.m in Sources */ = {isa = PBXBuildFile; fileRef = 1078EDB11BAC54F5002CF2AA /* Model.m */; settings = {ASSET_TAGS = (); }; };
/* End PBXBuildFile section */

/* Begin PBXContainerItemProxy section */
		1078ED911BAC4811002CF2AA /* PBXContainerItemProxy */ = {
			isa = PBXContainerItemProxy;
			containerPortal = 1078ED6F1BAC4810002CF2AA /* Project object */;
			proxyType = 1;
			remoteGlobalIDString = 1078ED761BAC4810002CF2AA;
			remoteInfo = TableViewTapAnimation;
		};
		1078ED9C1BAC4811002CF2AA /* PBXContainerItemProxy */ = {
			isa = PBXContainerItemProxy;
			containerPortal = 1078ED6F1BAC4810002CF2AA /* Project object */;
			proxyType = 1;
			remoteGlobalIDString = 1078ED761BAC4810002CF2AA;
			remoteInfo = TableViewTapAnimation;
		};
/* End PBXContainerItemProxy section */

/* Begin PBXFileReference section */
		1078ED771BAC4810002CF2AA /* TableViewTapAnimation.app */ = {isa = PBXFileReference; explicitFileType = wrapper.application; includeInIndex = 0; path = TableViewTapAnimation.app; sourceTree = BUILT_PRODUCTS_DIR; };
		1078ED7B1BAC4810002CF2AA /* main.m */ = {isa = PBXFileReference; lastKnownFileType = sourcecode.c.objc; path = main.m; sourceTree = "<group>"; };
		1078ED7D1BAC4810002CF2AA /* AppDelegate.h */ = {isa = PBXFileReference; lastKnownFileType = sourcecode.c.h; path = AppDelegate.h; sourceTree = "<group>"; };
		1078ED7E1BAC4810002CF2AA /* AppDelegate.m */ = {isa = PBXFileReference; lastKnownFileType = sourcecode.c.objc; path = AppDelegate.m; sourceTree = "<group>"; };
		1078ED801BAC4810002CF2AA /* ViewController.h */ = {isa = PBXFileReference; lastKnownFileType = sourcecode.c.h; path = ViewController.h; sourceTree = "<group>"; };
		1078ED811BAC4810002CF2AA /* ViewController.m */ = {isa = PBXFileReference; lastKnownFileType = sourcecode.c.objc; path = ViewController.m; sourceTree = "<group>"; };
		1078ED841BAC4810002CF2AA /* Base */ = {isa = PBXFileReference; lastKnownFileType = file.storyboard; name = Base; path = Base.lproj/Main.storyboard; sourceTree = "<group>"; };
		1078ED861BAC4811002CF2AA /* Assets.xcassets */ = {isa = PBXFileReference; lastKnownFileType = folder.assetcatalog; path = Assets.xcassets; sourceTree = "<group>"; };
		1078ED891BAC4811002CF2AA /* Base */ = {isa = PBXFileReference; lastKnownFileType = file.storyboard; name = Base; path = Base.lproj/LaunchScreen.storyboard; sourceTree = "<group>"; };
		1078ED8B1BAC4811002CF2AA /* Info.plist */ = {isa = PBXFileReference; lastKnownFileType = text.plist.xml; path = Info.plist; sourceTree = "<group>"; };
		1078ED901BAC4811002CF2AA /* TableViewTapAnimationTests.xctest */ = {isa = PBXFileReference; explicitFileType = wrapper.cfbundle; includeInIndex = 0; path = TableViewTapAnimationTests.xctest; sourceTree = BUILT_PRODUCTS_DIR; };
		1078ED941BAC4811002CF2AA /* TableViewTapAnimationTests.m */ = {isa = PBXFileReference; lastKnownFileType = sourcecode.c.objc; path = TableViewTapAnimationTests.m; sourceTree = "<group>"; };
		1078ED961BAC4811002CF2AA /* Info.plist */ = {isa = PBXFileReference; lastKnownFileType = text.plist.xml; path = Info.plist; sourceTree = "<group>"; };
		1078ED9B1BAC4811002CF2AA /* TableViewTapAnimationUITests.xctest */ = {isa = PBXFileReference; explicitFileType = wrapper.cfbundle; includeInIndex = 0; path = TableViewTapAnimationUITests.xctest; sourceTree = BUILT_PRODUCTS_DIR; };
		1078ED9F1BAC4811002CF2AA /* TableViewTapAnimationUITests.m */ = {isa = PBXFileReference; lastKnownFileType = sourcecode.c.objc; path = TableViewTapAnimationUITests.m; sourceTree = "<group>"; };
		1078EDA11BAC4811002CF2AA /* Info.plist */ = {isa = PBXFileReference; lastKnownFileType = text.plist.xml; path = Info.plist; sourceTree = "<group>"; };
		1078EDAD1BAC54B6002CF2AA /* InfoCell.h */ = {isa = PBXFileReference; fileEncoding = 4; lastKnownFileType = sourcecode.c.h; path = InfoCell.h; sourceTree = "<group>"; };
		1078EDAE1BAC54B6002CF2AA /* InfoCell.m */ = {isa = PBXFileReference; fileEncoding = 4; lastKnownFileType = sourcecode.c.objc; path = InfoCell.m; sourceTree = "<group>"; };
		1078EDB01BAC54F5002CF2AA /* Model.h */ = {isa = PBXFileReference; fileEncoding = 4; lastKnownFileType = sourcecode.c.h; path = Model.h; sourceTree = "<group>"; };
		1078EDB11BAC54F5002CF2AA /* Model.m */ = {isa = PBXFileReference; fileEncoding = 4; lastKnownFileType = sourcecode.c.objc; path = Model.m; sourceTree = "<group>"; };
/* End PBXFileReference section */

/* Begin PBXFrameworksBuildPhase section */
		1078ED741BAC4810002CF2AA /* Frameworks */ = {
			isa = PBXFrameworksBuildPhase;
			buildActionMask = 2147483647;
			files = (
			);
			runOnlyForDeploymentPostprocessing = 0;
		};
		1078ED8D1BAC4811002CF2AA /* Frameworks */ = {
			isa = PBXFrameworksBuildPhase;
			buildActionMask = 2147483647;
			files = (
			);
			runOnlyForDeploymentPostprocessing = 0;
		};
		1078ED981BAC4811002CF2AA /* Frameworks */ = {
			isa = PBXFrameworksBuildPhase;
			buildActionMask = 2147483647;
			files = (
			);
			runOnlyForDeploymentPostprocessing = 0;
		};
/* End PBXFrameworksBuildPhase section */

/* Begin PBXGroup section */
		1078ED6E1BAC4810002CF2AA = {
			isa = PBXGroup;
			children = (
				1078ED791BAC4810002CF2AA /* TableViewTapAnimation */,
				1078ED931BAC4811002CF2AA /* TableViewTapAnimationTests */,
				1078ED9E1BAC4811002CF2AA /* TableViewTapAnimationUITests */,
				1078ED781BAC4810002CF2AA /* Products */,
			);
			sourceTree = "<group>";
		};
		1078ED781BAC4810002CF2AA /* Products */ = {
			isa = PBXGroup;
			children = (
				1078ED771BAC4810002CF2AA /* TableViewTapAnimation.app */,
				1078ED901BAC4811002CF2AA /* TableViewTapAnimationTests.xctest */,
				1078ED9B1BAC4811002CF2AA /* TableViewTapAnimationUITests.xctest */,
			);
			name = Products;
			sourceTree = "<group>";
		};
		1078ED791BAC4810002CF2AA /* TableViewTapAnimation */ = {
			isa = PBXGroup;
			children = (
				1078ED7D1BAC4810002CF2AA /* AppDelegate.h */,
				1078ED7E1BAC4810002CF2AA /* AppDelegate.m */,
				1078ED801BAC4810002CF2AA /* ViewController.h */,
				1078ED811BAC4810002CF2AA /* ViewController.m */,
				1078EDB01BAC54F5002CF2AA /* Model.h */,
				1078EDB11BAC54F5002CF2AA /* Model.m */,
				1078EDAD1BAC54B6002CF2AA /* InfoCell.h */,
				1078EDAE1BAC54B6002CF2AA /* InfoCell.m */,
				1078ED831BAC4810002CF2AA /* Main.storyboard */,
				1078ED861BAC4811002CF2AA /* Assets.xcassets */,
				1078ED881BAC4811002CF2AA /* LaunchScreen.storyboard */,
				1078ED8B1BAC4811002CF2AA /* Info.plist */,
				1078ED7A1BAC4810002CF2AA /* Supporting Files */,
			);
			path = TableViewTapAnimation;
			sourceTree = "<group>";
		};
		1078ED7A1BAC4810002CF2AA /* Supporting Files */ = {
			isa = PBXGroup;
			children = (
				1078ED7B1BAC4810002CF2AA /* main.m */,
			);
			name = "Supporting Files";
			sourceTree = "<group>";
		};
		1078ED931BAC4811002CF2AA /* TableViewTapAnimationTests */ = {
			isa = PBXGroup;
			children = (
				1078ED941BAC4811002CF2AA /* TableViewTapAnimationTests.m */,
				1078ED961BAC4811002CF2AA /* Info.plist */,
			);
			path = TableViewTapAnimationTests;
			sourceTree = "<group>";
		};
		1078ED9E1BAC4811002CF2AA /* TableViewTapAnimationUITests */ = {
			isa = PBXGroup;
			children = (
				1078ED9F1BAC4811002CF2AA /* TableViewTapAnimationUITests.m */,
				1078EDA11BAC4811002CF2AA /* Info.plist */,
			);
			path = TableViewTapAnimationUITests;
			sourceTree = "<group>";
		};
/* End PBXGroup section */

/* Begin PBXNativeTarget section */
		1078ED761BAC4810002CF2AA /* TableViewTapAnimation */ = {
			isa = PBXNativeTarget;
			buildConfigurationList = 1078EDA41BAC4811002CF2AA /* Build configuration list for PBXNativeTarget "TableViewTapAnimation" */;
			buildPhases = (
				1078ED731BAC4810002CF2AA /* Sources */,
				1078ED741BAC4810002CF2AA /* Frameworks */,
				1078ED751BAC4810002CF2AA /* Resources */,
			);
			buildRules = (
			);
			dependencies = (
			);
			name = TableViewTapAnimation;
			productName = TableViewTapAnimation;
			productReference = 1078ED771BAC4810002CF2AA /* TableViewTapAnimation.app */;
			productType = "com.apple.product-type.application";
		};
		1078ED8F1BAC4811002CF2AA /* TableViewTapAnimationTests */ = {
			isa = PBXNativeTarget;
			buildConfigurationList = 1078EDA71BAC4811002CF2AA /* Build configuration list for PBXNativeTarget "TableViewTapAnimationTests" */;
			buildPhases = (
				1078ED8C1BAC4811002CF2AA /* Sources */,
				1078ED8D1BAC4811002CF2AA /* Frameworks */,
				1078ED8E1BAC4811002CF2AA /* Resources */,
			);
			buildRules = (
			);
			dependencies = (
				1078ED921BAC4811002CF2AA /* PBXTargetDependency */,
			);
			name = TableViewTapAnimationTests;
			productName = TableViewTapAnimationTests;
			productReference = 1078ED901BAC4811002CF2AA /* TableViewTapAnimationTests.xctest */;
			productType = "com.apple.product-type.bundle.unit-test";
		};
		1078ED9A1BAC4811002CF2AA /* TableViewTapAnimationUITests */ = {
			isa = PBXNativeTarget;
			buildConfigurationList = 1078EDAA1BAC4811002CF2AA /* Build configuration list for PBXNativeTarget "TableViewTapAnimationUITests" */;
			buildPhases = (
				1078ED971BAC4811002CF2AA /* Sources */,
				1078ED981BAC4811002CF2AA /* Frameworks */,
				1078ED991BAC4811002CF2AA /* Resources */,
			);
			buildRules = (
			);
			dependencies = (
				1078ED9D1BAC4811002CF2AA /* PBXTargetDependency */,
			);
			name = TableViewTapAnimationUITests;
			productName = TableViewTapAnimationUITests;
			productReference = 1078ED9B1BAC4811002CF2AA /* TableViewTapAnimationUITests.xctest */;
			productType = "com.apple.product-type.bundle.ui-testing";
		};
/* End PBXNativeTarget section */

/* Begin PBXProject section */
		1078ED6F1BAC4810002CF2AA /* Project object */ = {
			isa = PBXProject;
			attributes = {
				LastUpgradeCheck = 0700;
				ORGANIZATIONNAME = YouXianMing;
				TargetAttributes = {
					1078ED761BAC4810002CF2AA = {
						CreatedOnToolsVersion = 7.0;
					};
					1078ED8F1BAC4811002CF2AA = {
						CreatedOnToolsVersion = 7.0;
						TestTargetID = 1078ED761BAC4810002CF2AA;
					};
					1078ED9A1BAC4811002CF2AA = {
						CreatedOnToolsVersion = 7.0;
						TestTargetID = 1078ED761BAC4810002CF2AA;
					};
				};
			};
			buildConfigurationList = 1078ED721BAC4810002CF2AA /* Build configuration list for PBXProject "TableViewTapAnimation" */;
			compatibilityVersion = "Xcode 3.2";
			developmentRegion = English;
			hasScannedForEncodings = 0;
			knownRegions = (
				en,
				Base,
			);
			mainGroup = 1078ED6E1BAC4810002CF2AA;
			productRefGroup = 1078ED781BAC4810002CF2AA /* Products */;
			projectDirPath = "";
			projectRoot = "";
			targets = (
				1078ED761BAC4810002CF2AA /* TableViewTapAnimation */,
				1078ED8F1BAC4811002CF2AA /* TableViewTapAnimationTests */,
				1078ED9A1BAC4811002CF2AA /* TableViewTapAnimationUITests */,
			);
		};
/* End PBXProject section */

/* Begin PBXResourcesBuildPhase section */
		1078ED751BAC4810002CF2AA /* Resources */ = {
			isa = PBXResourcesBuildPhase;
			buildActionMask = 2147483647;
			files = (
				1078ED8A1BAC4811002CF2AA /* LaunchScreen.storyboard in Resources */,
				1078ED871BAC4811002CF2AA /* Assets.xcassets in Resources */,
				1078ED851BAC4810002CF2AA /* Main.storyboard in Resources */,
			);
			runOnlyForDeploymentPostprocessing = 0;
		};
		1078ED8E1BAC4811002CF2AA /* Resources */ = {
			isa = PBXResourcesBuildPhase;
			buildActionMask = 2147483647;
			files = (
			);
			runOnlyForDeploymentPostprocessing = 0;
		};
		1078ED991BAC4811002CF2AA /* Resources */ = {
			isa = PBXResourcesBuildPhase;
			buildActionMask = 2147483647;
			files = (
			);
			runOnlyForDeploymentPostprocessing = 0;
		};
/* End PBXResourcesBuildPhase section */

/* Begin PBXSourcesBuildPhase section */
		1078ED731BAC4810002CF2AA /* Sources */ = {
			isa = PBXSourcesBuildPhase;
			buildActionMask = 2147483647;
			files = (
				1078ED821BAC4810002CF2AA /* ViewController.m in Sources */,
				1078EDAF1BAC54B6002CF2AA /* InfoCell.m in Sources */,
				1078ED7F1BAC4810002CF2AA /* AppDelegate.m in Sources */,
				1078ED7C1BAC4810002CF2AA /* main.m in Sources */,
				1078EDB21BAC54F5002CF2AA /* Model.m in Sources */,
			);
			runOnlyForDeploymentPostprocessing = 0;
		};
		1078ED8C1BAC4811002CF2AA /* Sources */ = {
			isa = PBXSourcesBuildPhase;
			buildActionMask = 2147483647;
			files = (
				1078ED951BAC4811002CF2AA /* TableViewTapAnimationTests.m in Sources */,
			);
			runOnlyForDeploymentPostprocessing = 0;
		};
		1078ED971BAC4811002CF2AA /* Sources */ = {
			isa = PBXSourcesBuildPhase;
			buildActionMask = 2147483647;
			files = (
				1078EDA01BAC4811002CF2AA /* TableViewTapAnimationUITests.m in Sources */,
			);
			runOnlyForDeploymentPostprocessing = 0;
		};
/* End PBXSourcesBuildPhase section */

/* Begin PBXTargetDependency section */
		1078ED921BAC4811002CF2AA /* PBXTargetDependency */ = {
			isa = PBXTargetDependency;
			target = 1078ED761BAC4810002CF2AA /* TableViewTapAnimation */;
			targetProxy = 1078ED911BAC4811002CF2AA /* PBXContainerItemProxy */;
		};
		1078ED9D1BAC4811002CF2AA /* PBXTargetDependency */ = {
			isa = PBXTargetDependency;
			target = 1078ED761BAC4810002CF2AA /* TableViewTapAnimation */;
			targetProxy = 1078ED9C1BAC4811002CF2AA /* PBXContainerItemProxy */;
		};
/* End PBXTargetDependency section */

/* Begin PBXVariantGroup section */
		1078ED831BAC4810002CF2AA /* Main.storyboard */ = {
			isa = PBXVariantGroup;
			children = (
				1078ED841BAC4810002CF2AA /* Base */,
			);
			name = Main.storyboard;
			sourceTree = "<group>";
		};
		1078ED881BAC4811002CF2AA /* LaunchScreen.storyboard */ = {
			isa = PBXVariantGroup;
			children = (
				1078ED891BAC4811002CF2AA /* Base */,
			);
			name = LaunchScreen.storyboard;
			sourceTree = "<group>";
		};
/* End PBXVariantGroup section */

/* Begin XCBuildConfiguration section */
		1078EDA21BAC4811002CF2AA /* Debug */ = {
			isa = XCBuildConfiguration;
			buildSettings = {
				ALWAYS_SEARCH_USER_PATHS = NO;
				CLANG_CXX_LANGUAGE_STANDARD = "gnu++0x";
				CLANG_CXX_LIBRARY = "libc++";
				CLANG_ENABLE_MODULES = YES;
				CLANG_ENABLE_OBJC_ARC = YES;
				CLANG_WARN_BOOL_CONVERSION = YES;
				CLANG_WARN_CONSTANT_CONVERSION = YES;
				CLANG_WARN_DIRECT_OBJC_ISA_USAGE = YES_ERROR;
				CLANG_WARN_EMPTY_BODY = YES;
				CLANG_WARN_ENUM_CONVERSION = YES;
				CLANG_WARN_INT_CONVERSION = YES;
				CLANG_WARN_OBJC_ROOT_CLASS = YES_ERROR;
				CLANG_WARN_UNREACHABLE_CODE = YES;
				CLANG_WARN__DUPLICATE_METHOD_MATCH = YES;
				"CODE_SIGN_IDENTITY[sdk=iphoneos*]" = "iPhone Developer";
				COPY_PHASE_STRIP = NO;
				DEBUG_INFORMATION_FORMAT = dwarf;
				ENABLE_STRICT_OBJC_MSGSEND = YES;
				ENABLE_TESTABILITY = YES;
				GCC_C_LANGUAGE_STANDARD = gnu99;
				GCC_DYNAMIC_NO_PIC = NO;
				GCC_NO_COMMON_BLOCKS = YES;
				GCC_OPTIMIZATION_LEVEL = 0;
				GCC_PREPROCESSOR_DEFINITIONS = (
					"DEBUG=1",
					"$(inherited)",
				);
				GCC_WARN_64_TO_32_BIT_CONVERSION = YES;
				GCC_WARN_ABOUT_RETURN_TYPE = YES_ERROR;
				GCC_WARN_UNDECLARED_SELECTOR = YES;
				GCC_WARN_UNINITIALIZED_AUTOS = YES_AGGRESSIVE;
				GCC_WARN_UNUSED_FUNCTION = YES;
				GCC_WARN_UNUSED_VARIABLE = YES;
				IPHONEOS_DEPLOYMENT_TARGET = 9.0;
				MTL_ENABLE_DEBUG_INFO = YES;
				ONLY_ACTIVE_ARCH = YES;
				SDKROOT = iphoneos;
				TARGETED_DEVICE_FAMILY = "1,2";
			};
			name = Debug;
		};
		1078EDA31BAC4811002CF2AA /* Release */ = {
			isa = XCBuildConfiguration;
			buildSettings = {
				ALWAYS_SEARCH_USER_PATHS = NO;
				CLANG_CXX_LANGUAGE_STANDARD = "gnu++0x";
				CLANG_CXX_LIBRARY = "libc++";
				CLANG_ENABLE_MODULES = YES;
				CLANG_ENABLE_OBJC_ARC = YES;
				CLANG_WARN_BOOL_CONVERSION = YES;
				CLANG_WARN_CONSTANT_CONVERSION = YES;
				CLANG_WARN_DIRECT_OBJC_ISA_USAGE = YES_ERROR;
				CLANG_WARN_EMPTY_BODY = YES;
				CLANG_WARN_ENUM_CONVERSION = YES;
				CLANG_WARN_INT_CONVERSION = YES;
				CLANG_WARN_OBJC_ROOT_CLASS = YES_ERROR;
				CLANG_WARN_UNREACHABLE_CODE = YES;
				CLANG_WARN__DUPLICATE_METHOD_MATCH = YES;
				"CODE_SIGN_IDENTITY[sdk=iphoneos*]" = "iPhone Developer";
				COPY_PHASE_STRIP = NO;
				DEBUG_INFORMATION_FORMAT = "dwarf-with-dsym";
				ENABLE_NS_ASSERTIONS = NO;
				ENABLE_STRICT_OBJC_MSGSEND = YES;
				GCC_C_LANGUAGE_STANDARD = gnu99;
				GCC_NO_COMMON_BLOCKS = YES;
				GCC_WARN_64_TO_32_BIT_CONVERSION = YES;
				GCC_WARN_ABOUT_RETURN_TYPE = YES_ERROR;
				GCC_WARN_UNDECLARED_SELECTOR = YES;
				GCC_WARN_UNINITIALIZED_AUTOS = YES_AGGRESSIVE;
				GCC_WARN_UNUSED_FUNCTION = YES;
				GCC_WARN_UNUSED_VARIABLE = YES;
				IPHONEOS_DEPLOYMENT_TARGET = 9.0;
				MTL_ENABLE_DEBUG_INFO = NO;
				SDKROOT = iphoneos;
				TARGETED_DEVICE_FAMILY = "1,2";
				VALIDATE_PRODUCT = YES;
			};
			name = Release;
		};
		1078EDA51BAC4811002CF2AA /* Debug */ = {
			isa = XCBuildConfiguration;
			buildSettings = {
				ASSETCATALOG_COMPILER_APPICON_NAME = AppIcon;
				INFOPLIST_FILE = TableViewTapAnimation/Info.plist;
				LD_RUNPATH_SEARCH_PATHS = "$(inherited) @executable_path/Frameworks";
				PRODUCT_BUNDLE_IDENTIFIER = com.YouXianMing.TableViewTapAnimation;
				PRODUCT_NAME = "$(TARGET_NAME)";
			};
			name = Debug;
		};
		1078EDA61BAC4811002CF2AA /* Release */ = {
			isa = XCBuildConfiguration;
			buildSettings = {
				ASSETCATALOG_COMPILER_APPICON_NAME = AppIcon;
				INFOPLIST_FILE = TableViewTapAnimation/Info.plist;
				LD_RUNPATH_SEARCH_PATHS = "$(inherited) @executable_path/Frameworks";
				PRODUCT_BUNDLE_IDENTIFIER = com.YouXianMing.TableViewTapAnimation;
				PRODUCT_NAME = "$(TARGET_NAME)";
			};
			name = Release;
		};
		1078EDA81BAC4811002CF2AA /* Debug */ = {
			isa = XCBuildConfiguration;
			buildSettings = {
				BUNDLE_LOADER = "$(TEST_HOST)";
				INFOPLIST_FILE = TableViewTapAnimationTests/Info.plist;
				LD_RUNPATH_SEARCH_PATHS = "$(inherited) @executable_path/Frameworks @loader_path/Frameworks";
				PRODUCT_BUNDLE_IDENTIFIER = com.YouXianMing.TableViewTapAnimationTests;
				PRODUCT_NAME = "$(TARGET_NAME)";
				TEST_HOST = "$(BUILT_PRODUCTS_DIR)/TableViewTapAnimation.app/TableViewTapAnimation";
			};
			name = Debug;
		};
		1078EDA91BAC4811002CF2AA /* Release */ = {
			isa = XCBuildConfiguration;
			buildSettings = {
				BUNDLE_LOADER = "$(TEST_HOST)";
				INFOPLIST_FILE = TableViewTapAnimationTests/Info.plist;
				LD_RUNPATH_SEARCH_PATHS = "$(inherited) @executable_path/Frameworks @loader_path/Frameworks";
				PRODUCT_BUNDLE_IDENTIFIER = com.YouXianMing.TableViewTapAnimationTests;
				PRODUCT_NAME = "$(TARGET_NAME)";
				TEST_HOST = "$(BUILT_PRODUCTS_DIR)/TableViewTapAnimation.app/TableViewTapAnimation";
			};
			name = Release;
		};
		1078EDAB1BAC4811002CF2AA /* Debug */ = {
			isa = XCBuildConfiguration;
			buildSettings = {
				INFOPLIST_FILE = TableViewTapAnimationUITests/Info.plist;
				LD_RUNPATH_SEARCH_PATHS = "$(inherited) @executable_path/Frameworks @loader_path/Frameworks";
				PRODUCT_BUNDLE_IDENTIFIER = com.YouXianMing.TableViewTapAnimationUITests;
				PRODUCT_NAME = "$(TARGET_NAME)";
				TEST_TARGET_NAME = TableViewTapAnimation;
				USES_XCTRUNNER = YES;
			};
			name = Debug;
		};
		1078EDAC1BAC4811002CF2AA /* Release */ = {
			isa = XCBuildConfiguration;
			buildSettings = {
				INFOPLIST_FILE = TableViewTapAnimationUITests/Info.plist;
				LD_RUNPATH_SEARCH_PATHS = "$(inherited) @executable_path/Frameworks @loader_path/Frameworks";
				PRODUCT_BUNDLE_IDENTIFIER = com.YouXianMing.TableViewTapAnimationUITests;
				PRODUCT_NAME = "$(TARGET_NAME)";
				TEST_TARGET_NAME = TableViewTapAnimation;
				USES_XCTRUNNER = YES;
			};
			name = Release;
		};
/* End XCBuildConfiguration section */

/* Begin XCConfigurationList section */
		1078ED721BAC4810002CF2AA /* Build configuration list for PBXProject "TableViewTapAnimation" */ = {
			isa = XCConfigurationList;
			buildConfigurations = (
				1078EDA21BAC4811002CF2AA /* Debug */,
				1078EDA31BAC4811002CF2AA /* Release */,
			);
			defaultConfigurationIsVisible = 0;
			defaultConfigurationName = Release;
		};
		1078EDA41BAC4811002CF2AA /* Build configuration list for PBXNativeTarget "TableViewTapAnimation" */ = {
			isa = XCConfigurationList;
			buildConfigurations = (
				1078EDA51BAC4811002CF2AA /* Debug */,
				1078EDA61BAC4811002CF2AA /* Release */,
			);
			defaultConfigurationIsVisible = 0;
		};
		1078EDA71BAC4811002CF2AA /* Build configuration list for PBXNativeTarget "TableViewTapAnimationTests" */ = {
			isa = XCConfigurationList;
			buildConfigurations = (
				1078EDA81BAC4811002CF2AA /* Debug */,
				1078EDA91BAC4811002CF2AA /* Release */,
			);
			defaultConfigurationIsVisible = 0;
		};
		1078EDAA1BAC4811002CF2AA /* Build configuration list for PBXNativeTarget "TableViewTapAnimationUITests" */ = {
			isa = XCConfigurationList;
			buildConfigurations = (
				1078EDAB1BAC4811002CF2AA /* Debug */,
				1078EDAC1BAC4811002CF2AA /* Release */,
			);
			defaultConfigurationIsVisible = 0;
		};
/* End XCConfigurationList section */
	};
	rootObject = 1078ED6F1BAC4810002CF2AA /* Project object */;
}
